{
  "name": "Final-Project",
  "lockfileVersion": 3,
  "requires": true,
  "packages": {
    "": {
      "dependencies": {
        "@fullcalendar/core": "^6.1.19",
        "@fullcalendar/daygrid": "^6.1.19",
        "@fullcalendar/web-component": "^6.1.19"
      },
      "devDependencies": {
        "baseline-browser-mapping": "^2.9.14"
      }
    },
    "node_modules/@fullcalendar/core": {
      "version": "6.1.19",
      "resolved": "https://registry.npmjs.org/@fullcalendar/core/-/core-6.1.19.tgz",
      "integrity": "sha512-z0aVlO5e4Wah6p6mouM0UEqtRf1MZZPt4mwzEyU6kusaNL+dlWQgAasF2cK23hwT4cmxkEmr4inULXgpyeExdQ==",
      "license": "MIT",
      "dependencies": {
        "preact": "~10.12.1"
      }
    },
    "node_modules/@fullcalendar/daygrid": {
      "version": "6.1.19",
      "resolved": "https://registry.npmjs.org/@fullcalendar/daygrid/-/daygrid-6.1.19.tgz",
      "integrity": "sha512-IAAfnMICnVWPjpT4zi87i3FEw0xxSza0avqY/HedKEz+l5MTBYvCDPOWDATpzXoLut3aACsjktIyw9thvIcRYQ==",
      "license": "MIT",
      "peerDependencies": {
        "@fullcalendar/core": "~6.1.19"
      }
    },
    "node_modules/@fullcalendar/web-component": {
      "version": "6.1.19",
      "resolved": "https://registry.npmjs.org/@fullcalendar/web-component/-/web-component-6.1.19.tgz",
      "integrity": "sha512-DwMVSf2MjmRtY9XN3oc4bNoykgt7frtlv+xS2pCf0AKUYyhs3wObpAQAS/JFCfVXN7w/dylfxtNOSm0VwK1aKg==",
      "license": "MIT",
      "peerDependencies": {
        "@fullcalendar/core": "~6.1.19"
      }
    },
    "node_modules/baseline-browser-mapping": {
      "version": "2.9.14",
      "resolved": "https://registry.npmjs.org/baseline-browser-mapping/-/baseline-browser-mapping-2.9.14.tgz",
      "integrity": "sha512-B0xUquLkiGLgHhpPBqvl7GWegWBUNuujQ6kXd/r1U38ElPT6Ok8KZ8e+FpUGEc2ZoRQUzq/aUnaKFc/svWUGSg==",
      "dev": true,
      "license": "Apache-2.0",
      "bin": {
        "baseline-browser-mapping": "dist/cli.js"
      }
    },
    "node_modules/preact": {
      "version": "10.12.1",
      "resolved": "https://registry.npmjs.org/preact/-/preact-10.12.1.tgz",
      "integrity": "sha512-l8386ixSsBdbreOAkqtrwqHwdvR35ID8c3rKPa8lCWuO86dBi32QWHV4vfsZK1utLLFMvw+Z5Ad4XLkZzchscg==",
      "license": "MIT",
      "funding": {
        "type": "opencollective",
        "url": "https://opencollective.com/preact"
      }
    }
  }
}
